
Microsoft Visual Studio Solution File, Format Version 12.00
# Visual Studio Version 17
VisualStudioVersion = 17.4.33213.308
MinimumVisualStudioVersion = 10.0.40219.1
Project("{2150E333-8FDC-42A3-9474-1A3956D46DE8}") = "Easy Example of Algorithm", "Easy Example of Algorithm", "{DA0893EF-4400-498D-BB03-9E3F5183D3AE}"
EndProject
Project("{9A19103F-16F7-4668-BE54-9A1E7A4F7556}") = "EASY 1-10", "EASY\EASY 1-10.csproj", "{A05D0E93-17FF-47E2-9D9E-6820D1C6FBC6}"
EndProject
Project("{2150E333-8FDC-42A3-9474-1A3956D46DE8}") = "Notes", "Notes", "{1BE6A94F-59E7-4111-BB43-EF554C0A4E61}"
	ProjectSection(SolutionItems) = preProject
		Examples.site.txt = Examples.site.txt
	EndProjectSection
EndProject
Project("{FAE04EC0-301F-11D3-BF4B-00C04F79EFBC}") = "EASY 10-20", "EASY 10-20\EASY 10-20.csproj", "{DC8DA89F-3AAB-4440-ADD9-987034ADC80B}"
EndProject
Global
	GlobalSection(SolutionConfigurationPlatforms) = preSolution
		Debug|Any CPU = Debug|Any CPU
		Release|Any CPU = Release|Any CPU
	EndGlobalSection
	GlobalSection(ProjectConfigurationPlatforms) = postSolution
		{A05D0E93-17FF-47E2-9D9E-6820D1C6FBC6}.Debug|Any CPU.ActiveCfg = Debug|Any CPU
		{A05D0E93-17FF-47E2-9D9E-6820D1C6FBC6}.Debug|Any CPU.Build.0 = Debug|Any CPU
		{A05D0E93-17FF-47E2-9D9E-6820D1C6FBC6}.Release|Any CPU.ActiveCfg = Release|Any CPU
		{A05D0E93-17FF-47E2-9D9E-6820D1C6FBC6}.Release|Any CPU.Build.0 = Release|Any CPU
		{DC8DA89F-3AAB-4440-ADD9-987034ADC80B}.Debug|Any CPU.ActiveCfg = Debug|Any CPU
		{DC8DA89F-3AAB-4440-ADD9-987034ADC80B}.Debug|Any CPU.Build.0 = Debug|Any CPU
		{DC8DA89F-3AAB-4440-ADD9-987034ADC80B}.Release|Any CPU.ActiveCfg = Release|Any CPU
		{DC8DA89F-3AAB-4440-ADD9-987034ADC80B}.Release|Any CPU.Build.0 = Release|Any CPU
	EndGlobalSection
	GlobalSection(SolutionProperties) = preSolution
		HideSolutionNode = FALSE
	EndGlobalSection
	GlobalSection(NestedProjects) = preSolution
		{A05D0E93-17FF-47E2-9D9E-6820D1C6FBC6} = {DA0893EF-4400-498D-BB03-9E3F5183D3AE}
		{DC8DA89F-3AAB-4440-ADD9-987034ADC80B} = {DA0893EF-4400-498D-BB03-9E3F5183D3AE}
	EndGlobalSection
	GlobalSection(ExtensibilityGlobals) = postSolution
		SolutionGuid = {89AC7D32-FBB8-494D-8017-65A148CE9D10}
	EndGlobalSection
EndGlobal
